{
    "version": 3,
    "terraform_version": "0.9.11",
    "serial": 5,
    "lineage": "dcce0b84-611c-4ae6-8bb1-162a67ad08d8",
    "modules": [
        {
            "path": [
                "root"
            ],
            "outputs": {
                "all_arns": {
                    "sensitive": false,
                    "type": "list",
                    "value": [
                        "arn:aws:iam::766633932136:user/neo",
                        "arn:aws:iam::766633932136:user/trinity",
                        "arn:aws:iam::766633932136:user/morpheus"
                    ]
                },
                "neo_arn": {
                    "sensitive": false,
                    "type": "string",
                    "value": "arn:aws:iam::766633932136:user/neo"
                }
            },
            "resources": {
                "aws_iam_policy.ec2_read_only": {
                    "type": "aws_iam_policy",
                    "depends_on": [
                        "data.aws_iam_policy_document.ec2_read_only"
                    ],
                    "primary": {
                        "id": "arn:aws:iam::766633932136:policy/ec2-read-only",
                        "attributes": {
                            "arn": "arn:aws:iam::766633932136:policy/ec2-read-only",
                            "id": "arn:aws:iam::766633932136:policy/ec2-read-only",
                            "name": "ec2-read-only",
                            "path": "/",
                            "policy": "{\n  \"Version\": \"2012-10-17\",\n  \"Statement\": [\n    {\n      \"Sid\": \"\",\n      \"Effect\": \"Allow\",\n      \"Action\": \"ec2:Describe*\",\n      \"Resource\": \"*\"\n    }\n  ]\n}"
                        },
                        "meta": {},
                        "tainted": false
                    },
                    "deposed": [],
                    "provider": ""
                },
                "aws_iam_user.example.0": {
                    "type": "aws_iam_user",
                    "depends_on": [],
                    "primary": {
                        "id": "neo",
                        "attributes": {
                            "arn": "arn:aws:iam::766633932136:user/neo",
                            "force_destroy": "false",
                            "id": "neo",
                            "name": "neo",
                            "path": "/",
                            "unique_id": "AIDAJ3JXN6B4BKTCYJYSE"
                        },
                        "meta": {},
                        "tainted": false
                    },
                    "deposed": [],
                    "provider": ""
                },
                "aws_iam_user.example.1": {
                    "type": "aws_iam_user",
                    "depends_on": [],
                    "primary": {
                        "id": "trinity",
                        "attributes": {
                            "arn": "arn:aws:iam::766633932136:user/trinity",
                            "force_destroy": "false",
                            "id": "trinity",
                            "name": "trinity",
                            "path": "/",
                            "unique_id": "AIDAIEWWPFGZHX2Q4BH2Y"
                        },
                        "meta": {},
                        "tainted": false
                    },
                    "deposed": [],
                    "provider": ""
                },
                "aws_iam_user.example.2": {
                    "type": "aws_iam_user",
                    "depends_on": [],
                    "primary": {
                        "id": "morpheus",
                        "attributes": {
                            "arn": "arn:aws:iam::766633932136:user/morpheus",
                            "force_destroy": "false",
                            "id": "morpheus",
                            "name": "morpheus",
                            "path": "/",
                            "unique_id": "AIDAJWTGHZH6E3YPIAHYS"
                        },
                        "meta": {},
                        "tainted": false
                    },
                    "deposed": [],
                    "provider": ""
                },
                "aws_iam_user_policy_attachment.ec2_access.0": {
                    "type": "aws_iam_user_policy_attachment",
                    "depends_on": [
                        "aws_iam_policy.ec2_read_only",
                        "aws_iam_user.example.*"
                    ],
                    "primary": {
                        "id": "neo-004bf795a036e984a81ff7d8e4",
                        "attributes": {
                            "id": "neo-004bf795a036e984a81ff7d8e4",
                            "policy_arn": "arn:aws:iam::766633932136:policy/ec2-read-only",
                            "user": "neo"
                        },
                        "meta": {},
                        "tainted": false
                    },
                    "deposed": [],
                    "provider": ""
                },
                "aws_iam_user_policy_attachment.ec2_access.1": {
                    "type": "aws_iam_user_policy_attachment",
                    "depends_on": [
                        "aws_iam_policy.ec2_read_only",
                        "aws_iam_user.example.*"
                    ],
                    "primary": {
                        "id": "trinity-004bf795a036e984a81ff7d8e5",
                        "attributes": {
                            "id": "trinity-004bf795a036e984a81ff7d8e5",
                            "policy_arn": "arn:aws:iam::766633932136:policy/ec2-read-only",
                            "user": "trinity"
                        },
                        "meta": {},
                        "tainted": false
                    },
                    "deposed": [],
                    "provider": ""
                },
                "aws_iam_user_policy_attachment.ec2_access.2": {
                    "type": "aws_iam_user_policy_attachment",
                    "depends_on": [
                        "aws_iam_policy.ec2_read_only",
                        "aws_iam_user.example.*"
                    ],
                    "primary": {
                        "id": "morpheus-004bf795a036e984a81ff7d8e3",
                        "attributes": {
                            "id": "morpheus-004bf795a036e984a81ff7d8e3",
                            "policy_arn": "arn:aws:iam::766633932136:policy/ec2-read-only",
                            "user": "morpheus"
                        },
                        "meta": {},
                        "tainted": false
                    },
                    "deposed": [],
                    "provider": ""
                },
                "data.aws_iam_policy_document.ec2_read_only": {
                    "type": "aws_iam_policy_document",
                    "depends_on": [],
                    "primary": {
                        "id": "1152265192",
                        "attributes": {
                            "id": "1152265192",
                            "json": "{\n  \"Version\": \"2012-10-17\",\n  \"Statement\": [\n    {\n      \"Sid\": \"\",\n      \"Effect\": \"Allow\",\n      \"Action\": \"ec2:Describe*\",\n      \"Resource\": \"*\"\n    }\n  ]\n}",
                            "statement.#": "1",
                            "statement.0.actions.#": "1",
                            "statement.0.actions.2459212947": "ec2:Describe*",
                            "statement.0.condition.#": "0",
                            "statement.0.effect": "Allow",
                            "statement.0.not_actions.#": "0",
                            "statement.0.not_principals.#": "0",
                            "statement.0.not_resources.#": "0",
                            "statement.0.principals.#": "0",
                            "statement.0.resources.#": "1",
                            "statement.0.resources.2679715827": "*",
                            "statement.0.sid": ""
                        },
                        "meta": {},
                        "tainted": false
                    },
                    "deposed": [],
                    "provider": ""
                }
            },
            "depends_on": []
        }
    ]
}
