{
    "version": 3,
    "terraform_version": "0.9.11",
    "serial": 1,
    "lineage": "7b09891f-de24-49fe-b8b1-8329c19e7fc0",
    "modules": [
        {
            "path": [
                "root"
            ],
            "outputs": {
                "elb_dns_name": {
                    "sensitive": false,
                    "type": "string",
                    "value": "loops-webservers-stage-example-2093352098.eu-west-1.elb.amazonaws.com"
                }
            },
            "resources": {
                "aws_security_group_rule.allow_testing_inbound": {
                    "type": "aws_security_group_rule",
                    "depends_on": [
                        "module.webserver_cluster"
                    ],
                    "primary": {
                        "id": "sgrule-1109097967",
                        "attributes": {
                            "cidr_blocks.#": "1",
                            "cidr_blocks.0": "0.0.0.0/0",
                            "from_port": "12345",
                            "id": "sgrule-1109097967",
                            "protocol": "tcp",
                            "security_group_id": "sg-5c9f3524",
                            "self": "false",
                            "to_port": "12345",
                            "type": "ingress"
                        },
                        "meta": {
                            "schema_version": "2"
                        },
                        "tainted": false
                    },
                    "deposed": [],
                    "provider": ""
                }
            },
            "depends_on": []
        },
        {
            "path": [
                "root",
                "webserver_cluster"
            ],
            "outputs": {
                "asg_name": {
                    "sensitive": false,
                    "type": "string",
                    "value": "tf-asg-0004ff5db107fe40d0263301ff"
                },
                "elb_dns_name": {
                    "sensitive": false,
                    "type": "string",
                    "value": "loops-webservers-stage-example-2093352098.eu-west-1.elb.amazonaws.com"
                },
                "elb_security_group_id": {
                    "sensitive": false,
                    "type": "string",
                    "value": "sg-5c9f3524"
                }
            },
            "resources": {
                "aws_autoscaling_group.example": {
                    "type": "aws_autoscaling_group",
                    "depends_on": [
                        "aws_elb.example",
                        "aws_launch_configuration.example",
                        "data.aws_availability_zones.all"
                    ],
                    "primary": {
                        "id": "tf-asg-0004ff5db107fe40d0263301ff",
                        "attributes": {
                            "arn": "arn:aws:autoscaling:eu-west-1:766633932136:autoScalingGroup:683d1a85-f920-4cdc-b61d-23f6dc938977:autoScalingGroupName/tf-asg-0004ff5db107fe40d0263301ff",
                            "availability_zones.#": "3",
                            "availability_zones.1924028850": "eu-west-1b",
                            "availability_zones.3953592328": "eu-west-1a",
                            "availability_zones.94988580": "eu-west-1c",
                            "default_cooldown": "300",
                            "desired_capacity": "2",
                            "force_delete": "false",
                            "health_check_grace_period": "300",
                            "health_check_type": "ELB",
                            "id": "tf-asg-0004ff5db107fe40d0263301ff",
                            "launch_configuration": "terraform-009c61191afe8591fcba7da5c2",
                            "load_balancers.#": "1",
                            "load_balancers.1118806196": "loops-webservers-stage-example",
                            "max_size": "3",
                            "metrics_granularity": "1Minute",
                            "min_size": "2",
                            "name": "tf-asg-0004ff5db107fe40d0263301ff",
                            "placement_group": "",
                            "protect_from_scale_in": "false",
                            "suspended_processes.#": "0",
                            "tag.#": "1",
                            "tag.398015474.key": "Name",
                            "tag.398015474.propagate_at_launch": "true",
                            "tag.398015474.value": "loops-webservers-stage-example",
                            "target_group_arns.#": "0",
                            "termination_policies.#": "0",
                            "vpc_zone_identifier.#": "1",
                            "vpc_zone_identifier.0": "",
                            "wait_for_capacity_timeout": "10m"
                        },
                        "meta": {},
                        "tainted": false
                    },
                    "deposed": [],
                    "provider": ""
                },
                "aws_elb.example": {
                    "type": "aws_elb",
                    "depends_on": [
                        "aws_security_group.elb-sg",
                        "data.aws_availability_zones.all"
                    ],
                    "primary": {
                        "id": "loops-webservers-stage-example",
                        "attributes": {
                            "access_logs.#": "0",
                            "availability_zones.#": "3",
                            "availability_zones.1924028850": "eu-west-1b",
                            "availability_zones.3953592328": "eu-west-1a",
                            "availability_zones.94988580": "eu-west-1c",
                            "connection_draining": "false",
                            "connection_draining_timeout": "300",
                            "cross_zone_load_balancing": "true",
                            "dns_name": "loops-webservers-stage-example-2093352098.eu-west-1.elb.amazonaws.com",
                            "health_check.#": "1",
                            "health_check.0.healthy_threshold": "2",
                            "health_check.0.interval": "60",
                            "health_check.0.target": "HTTP:8080/",
                            "health_check.0.timeout": "3",
                            "health_check.0.unhealthy_threshold": "2",
                            "id": "loops-webservers-stage-example",
                            "idle_timeout": "60",
                            "instances.#": "0",
                            "internal": "false",
                            "listener.#": "1",
                            "listener.3931999347.instance_port": "8080",
                            "listener.3931999347.instance_protocol": "http",
                            "listener.3931999347.lb_port": "80",
                            "listener.3931999347.lb_protocol": "http",
                            "listener.3931999347.ssl_certificate_id": "",
                            "name": "loops-webservers-stage-example",
                            "security_groups.#": "1",
                            "security_groups.38596858": "sg-5c9f3524",
                            "source_security_group": "766633932136/loops-webservers-stage-elb",
                            "source_security_group_id": "sg-5c9f3524",
                            "subnets.#": "3",
                            "subnets.2008978369": "subnet-47d3a41f",
                            "subnets.4112668868": "subnet-84527cf2",
                            "subnets.802887366": "subnet-8a88a2ee",
                            "tags.%": "0",
                            "zone_id": "Z32O12XQLNTSW2"
                        },
                        "meta": {},
                        "tainted": false
                    },
                    "deposed": [],
                    "provider": ""
                },
                "aws_launch_configuration.example": {
                    "type": "aws_launch_configuration",
                    "depends_on": [],
                    "primary": {
                        "id": "terraform-009c61191afe8591fcba7da5c2",
                        "attributes": {
                            "associate_public_ip_address": "false",
                            "ebs_block_device.#": "0",
                            "ebs_optimized": "false",
                            "enable_monitoring": "true",
                            "ephemeral_block_device.#": "0",
                            "iam_instance_profile": "",
                            "id": "terraform-009c61191afe8591fcba7da5c2",
                            "image_id": "ami-d7b9a2b1",
                            "instance_type": "t2.micro",
                            "key_name": "",
                            "name": "terraform-009c61191afe8591fcba7da5c2",
                            "root_block_device.#": "0",
                            "security_groups.#": "1",
                            "security_groups.3428423577": "sg-c29d37ba",
                            "spot_price": "",
                            "user_data": "6d9812e400fb061d8cd0a150dd8cb17337d10cae",
                            "vpc_classic_link_id": "",
                            "vpc_classic_link_security_groups.#": "0"
                        },
                        "meta": {},
                        "tainted": false
                    },
                    "deposed": [],
                    "provider": ""
                },
                "aws_s3_bucket.bucket": {
                    "type": "aws_s3_bucket",
                    "depends_on": [],
                    "primary": {
                        "id": "loops-example-a",
                        "attributes": {
                            "acceleration_status": "",
                            "acl": "private",
                            "arn": "arn:aws:s3:::loops-example-a",
                            "bucket": "loops-example-a",
                            "bucket_domain_name": "loops-example-a.s3.amazonaws.com",
                            "force_destroy": "false",
                            "hosted_zone_id": "Z1BKCTXD74EZPE",
                            "id": "loops-example-a",
                            "logging.#": "0",
                            "region": "eu-west-1",
                            "request_payer": "BucketOwner",
                            "tags.%": "0",
                            "versioning.#": "1",
                            "versioning.0.enabled": "false",
                            "versioning.0.mfa_delete": "false",
                            "website.#": "0"
                        },
                        "meta": {},
                        "tainted": false
                    },
                    "deposed": [],
                    "provider": ""
                },
                "aws_security_group.elb-sg": {
                    "type": "aws_security_group",
                    "depends_on": [],
                    "primary": {
                        "id": "sg-5c9f3524",
                        "attributes": {
                            "description": "Managed by Terraform",
                            "egress.#": "0",
                            "id": "sg-5c9f3524",
                            "ingress.#": "0",
                            "name": "loops-webservers-stage-elb",
                            "owner_id": "766633932136",
                            "tags.%": "1",
                            "tags.Name": "loops-webservers-stage-elb",
                            "vpc_id": "vpc-66c69e02"
                        },
                        "meta": {},
                        "tainted": false
                    },
                    "deposed": [],
                    "provider": ""
                },
                "aws_security_group.sg": {
                    "type": "aws_security_group",
                    "depends_on": [],
                    "primary": {
                        "id": "sg-c29d37ba",
                        "attributes": {
                            "description": "Managed by Terraform",
                            "egress.#": "0",
                            "id": "sg-c29d37ba",
                            "ingress.#": "0",
                            "name": "loops-webservers-stage-instance",
                            "owner_id": "766633932136",
                            "tags.%": "0",
                            "vpc_id": "vpc-66c69e02"
                        },
                        "meta": {},
                        "tainted": false
                    },
                    "deposed": [
                        {
                            "id": "sg-70903a08",
                            "attributes": {
                                "description": "Managed by Terraform",
                                "egress.#": "0",
                                "id": "sg-70903a08",
                                "ingress.#": "1",
                                "ingress.516175195.cidr_blocks.#": "1",
                                "ingress.516175195.cidr_blocks.0": "0.0.0.0/0",
                                "ingress.516175195.from_port": "8080",
                                "ingress.516175195.ipv6_cidr_blocks.#": "0",
                                "ingress.516175195.protocol": "tcp",
                                "ingress.516175195.security_groups.#": "0",
                                "ingress.516175195.self": "false",
                                "ingress.516175195.to_port": "8080",
                                "name": "loops-webservers-prod-instance",
                                "owner_id": "766633932136",
                                "tags.%": "0",
                                "vpc_id": "vpc-66c69e02"
                            },
                            "meta": {},
                            "tainted": false
                        }
                    ],
                    "provider": ""
                },
                "aws_security_group_rule.allow_all_outbound": {
                    "type": "aws_security_group_rule",
                    "depends_on": [
                        "aws_security_group.elb-sg"
                    ],
                    "primary": {
                        "id": "sgrule-2919623582",
                        "attributes": {
                            "cidr_blocks.#": "1",
                            "cidr_blocks.0": "0.0.0.0/0",
                            "from_port": "0",
                            "id": "sgrule-2919623582",
                            "protocol": "-1",
                            "security_group_id": "sg-5c9f3524",
                            "self": "false",
                            "to_port": "0",
                            "type": "egress"
                        },
                        "meta": {
                            "schema_version": "2"
                        },
                        "tainted": false
                    },
                    "deposed": [],
                    "provider": ""
                },
                "aws_security_group_rule.allow_http_inbound": {
                    "type": "aws_security_group_rule",
                    "depends_on": [
                        "aws_security_group.elb-sg"
                    ],
                    "primary": {
                        "id": "sgrule-1605673041",
                        "attributes": {
                            "cidr_blocks.#": "1",
                            "cidr_blocks.0": "0.0.0.0/0",
                            "from_port": "80",
                            "id": "sgrule-1605673041",
                            "protocol": "tcp",
                            "security_group_id": "sg-5c9f3524",
                            "self": "false",
                            "to_port": "80",
                            "type": "ingress"
                        },
                        "meta": {
                            "schema_version": "2"
                        },
                        "tainted": false
                    },
                    "deposed": [],
                    "provider": ""
                },
                "aws_security_group_rule.allow_inbound_http": {
                    "type": "aws_security_group_rule",
                    "depends_on": [
                        "aws_security_group.sg"
                    ],
                    "primary": {
                        "id": "sgrule-1384460316",
                        "attributes": {
                            "cidr_blocks.#": "1",
                            "cidr_blocks.0": "0.0.0.0/0",
                            "from_port": "8080",
                            "id": "sgrule-1384460316",
                            "protocol": "tcp",
                            "security_group_id": "sg-c29d37ba",
                            "self": "false",
                            "to_port": "8080",
                            "type": "ingress"
                        },
                        "meta": {
                            "schema_version": "2"
                        },
                        "tainted": false
                    },
                    "deposed": [],
                    "provider": ""
                },
                "data.aws_availability_zones.all": {
                    "type": "aws_availability_zones",
                    "depends_on": [],
                    "primary": {
                        "id": "2017-07-23 10:40:26.711481528 +0000 UTC",
                        "attributes": {
                            "id": "2017-07-23 10:40:26.711481528 +0000 UTC",
                            "names.#": "3",
                            "names.0": "eu-west-1a",
                            "names.1": "eu-west-1b",
                            "names.2": "eu-west-1c"
                        },
                        "meta": {},
                        "tainted": false
                    },
                    "deposed": [],
                    "provider": ""
                },
                "data.template_file.user_data": {
                    "type": "template_file",
                    "depends_on": [],
                    "primary": {
                        "id": "a00846064889c3ca84b2d967cbefdf8b43e26bb3f74f32ea6a9613d9cba9ab71",
                        "attributes": {
                            "id": "a00846064889c3ca84b2d967cbefdf8b43e26bb3f74f32ea6a9613d9cba9ab71",
                            "rendered": "user_data = \u003c\u003c-EOF\n            #!/bin/bash\n            echo \"Hello Again, File layout example\" \u003e index.html\n            nohup busybox httpd -f -p 8080 \u0026\n            EOF\n",
                            "template": "user_data = \u003c\u003c-EOF\n            #!/bin/bash\n            echo \"Hello Again, File layout example\" \u003e index.html\n            nohup busybox httpd -f -p ${server_port} \u0026\n            EOF\n",
                            "vars.%": "1",
                            "vars.server_port": "8080"
                        },
                        "meta": {},
                        "tainted": false
                    },
                    "deposed": [],
                    "provider": ""
                }
            },
            "depends_on": []
        }
    ]
}
